
Microsoft Visual Studio Solution File, Format Version 12.00
Project("{FAE04EC0-301F-11D3-BF4B-00C04F79EFBC}") = "agg-store", "agg-store.csproj", "{9245C2A8-F36F-40A9-856A-FF1DC839694B}"
EndProject
Global
	GlobalSection(SolutionConfigurationPlatforms) = preSolution
		Debug|Any CPU = Debug|Any CPU
		Release|Any CPU = Release|Any CPU
	EndGlobalSection
	GlobalSection(ProjectConfigurationPlatforms) = postSolution
		{9245C2A8-F36F-40A9-856A-FF1DC839694B}.Debug|Any CPU.ActiveCfg = Debug|Any CPU
		{9245C2A8-F36F-40A9-856A-FF1DC839694B}.Debug|Any CPU.Build.0 = Debug|Any CPU
		{9245C2A8-F36F-40A9-856A-FF1DC839694B}.Release|Any CPU.ActiveCfg = Release|Any CPU
		{9245C2A8-F36F-40A9-856A-FF1DC839694B}.Release|Any CPU.Build.0 = Release|Any CPU
	EndGlobalSection
EndGlobal
